Microsoft Visual Studio Solution File, Format Version 12.00
# Visual Studio Version 17
VisualStudioVersion = 17.5.2.0
MinimumVisualStudioVersion = 10.0.40219.1
Project("{FAE04EC0-301F-11D3-BF4B-00C04F79EFBC}") = "zombieBranch", "zombieBranch.csproj", "{723316E4-83CC-B910-F95F-E8C1D3172C87}"
EndProject
Global
	GlobalSection(SolutionConfigurationPlatforms) = preSolution
		Debug|Any CPU = Debug|Any CPU
		Release|Any CPU = Release|Any CPU
	EndGlobalSection
	GlobalSection(ProjectConfigurationPlatforms) = postSolution
		{723316E4-83CC-B910-F95F-E8C1D3172C87}.Debug|Any CPU.ActiveCfg = Debug|Any CPU
		{723316E4-83CC-B910-F95F-E8C1D3172C87}.Debug|Any CPU.Build.0 = Debug|Any CPU
		{723316E4-83CC-B910-F95F-E8C1D3172C87}.Release|Any CPU.ActiveCfg = Release|Any CPU
		{723316E4-83CC-B910-F95F-E8C1D3172C87}.Release|Any CPU.Build.0 = Release|Any CPU
	EndGlobalSection
	GlobalSection(SolutionProperties) = preSolution
		HideSolutionNode = FALSE
	EndGlobalSection
	GlobalSection(ExtensibilityGlobals) = postSolution
		SolutionGuid = {0E749D0D-42D4-4AFC-8D12-0AF7471C1B25}
	EndGlobalSection
EndGlobal
